
Microsoft Visual Studio Solution File, Format Version 12.00
# Visual Studio Version 17
VisualStudioVersion = 17.4.33213.308
MinimumVisualStudioVersion = 10.0.40219.1
Project("{FAE04EC0-301F-11D3-BF4B-00C04F79EFBC}") = "TareaP2", "TareaP2\TareaP2.csproj", "{82FF80AF-99DB-4F02-9232-496DA3DBEA49}"
EndProject
Global
	GlobalSection(SolutionConfigurationPlatforms) = preSolution
		Debug|Any CPU = Debug|Any CPU
		Release|Any CPU = Release|Any CPU
	EndGlobalSection
	GlobalSection(ProjectConfigurationPlatforms) = postSolution
		{82FF80AF-99DB-4F02-9232-496DA3DBEA49}.Debug|Any CPU.ActiveCfg = Debug|Any CPU
		{82FF80AF-99DB-4F02-9232-496DA3DBEA49}.Debug|Any CPU.Build.0 = Debug|Any CPU
		{82FF80AF-99DB-4F02-9232-496DA3DBEA49}.Release|Any CPU.ActiveCfg = Release|Any CPU
		{82FF80AF-99DB-4F02-9232-496DA3DBEA49}.Release|Any CPU.Build.0 = Release|Any CPU
	EndGlobalSection
	GlobalSection(SolutionProperties) = preSolution
		HideSolutionNode = FALSE
	EndGlobalSection
	GlobalSection(ExtensibilityGlobals) = postSolution
		SolutionGuid = {CCDA03A1-6E2A-4745-B7A8-FA22C1D6E24E}
	EndGlobalSection
EndGlobal
